
Microsoft Visual Studio Solution File, Format Version 12.00
# Visual Studio Version 16
VisualStudioVersion = 16.0.31321.278
MinimumVisualStudioVersion = 10.0.40219.1
Project("{FAE04EC0-301F-11D3-BF4B-00C04F79EFBC}") = "PVacina0030482023025", "PVacina0030482023025\PVacina0030482023025.csproj", "{16C17E8D-40D1-4D11-B801-3C4F032A504A}"
EndProject
Global
	GlobalSection(SolutionConfigurationPlatforms) = preSolution
		Debug|Any CPU = Debug|Any CPU
		Release|Any CPU = Release|Any CPU
	EndGlobalSection
	GlobalSection(ProjectConfigurationPlatforms) = postSolution
		{16C17E8D-40D1-4D11-B801-3C4F032A504A}.Debug|Any CPU.ActiveCfg = Debug|Any CPU
		{16C17E8D-40D1-4D11-B801-3C4F032A504A}.Debug|Any CPU.Build.0 = Debug|Any CPU
		{16C17E8D-40D1-4D11-B801-3C4F032A504A}.Release|Any CPU.ActiveCfg = Release|Any CPU
		{16C17E8D-40D1-4D11-B801-3C4F032A504A}.Release|Any CPU.Build.0 = Release|Any CPU
	EndGlobalSection
	GlobalSection(SolutionProperties) = preSolution
		HideSolutionNode = FALSE
	EndGlobalSection
	GlobalSection(ExtensibilityGlobals) = postSolution
		SolutionGuid = {D443BF81-EDD7-4F6B-BF0C-5C88447862D0}
	EndGlobalSection
EndGlobal
