
Microsoft Visual Studio Solution File, Format Version 12.00
# Visual Studio Version 16
VisualStudioVersion = 16.0.30907.101
MinimumVisualStudioVersion = 10.0.40219.1
Project("{FAE04EC0-301F-11D3-BF4B-00C04F79EFBC}") = "Atividade1", "Atividade1\Atividade1.csproj", "{900361E4-BE7F-4B51-ADC1-38AC8BBC5479}"
EndProject
Global
	GlobalSection(SolutionConfigurationPlatforms) = preSolution
		Debug|Any CPU = Debug|Any CPU
		Release|Any CPU = Release|Any CPU
	EndGlobalSection
	GlobalSection(ProjectConfigurationPlatforms) = postSolution
		{900361E4-BE7F-4B51-ADC1-38AC8BBC5479}.Debug|Any CPU.ActiveCfg = Debug|Any CPU
		{900361E4-BE7F-4B51-ADC1-38AC8BBC5479}.Debug|Any CPU.Build.0 = Debug|Any CPU
		{900361E4-BE7F-4B51-ADC1-38AC8BBC5479}.Release|Any CPU.ActiveCfg = Release|Any CPU
		{900361E4-BE7F-4B51-ADC1-38AC8BBC5479}.Release|Any CPU.Build.0 = Release|Any CPU
	EndGlobalSection
	GlobalSection(SolutionProperties) = preSolution
		HideSolutionNode = FALSE
	EndGlobalSection
	GlobalSection(ExtensibilityGlobals) = postSolution
		SolutionGuid = {659B9C2A-4946-4DED-84F0-3DACB61CFFEF}
	EndGlobalSection
EndGlobal
